
Microsoft Visual Studio Solution File, Format Version 12.00
# Visual Studio Version 17
VisualStudioVersion = 17.14.37012.4 d17.14
MinimumVisualStudioVersion = 10.0.40219.1
Project("{FAE04EC0-301F-11D3-BF4B-00C04F79EFBC}") = "MSCLightsOn", "MSCLightsOn\MSCLightsOn.csproj", "{8D038473-B8F2-560C-67F2-9812E5FD2C56}"
EndProject
Global
	GlobalSection(SolutionConfigurationPlatforms) = preSolution
		Debug|Any CPU = Debug|Any CPU
		Release|Any CPU = Release|Any CPU
	EndGlobalSection
	GlobalSection(ProjectConfigurationPlatforms) = postSolution
		{8D038473-B8F2-560C-67F2-9812E5FD2C56}.Debug|Any CPU.ActiveCfg = Debug|Any CPU
		{8D038473-B8F2-560C-67F2-9812E5FD2C56}.Debug|Any CPU.Build.0 = Debug|Any CPU
		{8D038473-B8F2-560C-67F2-9812E5FD2C56}.Release|Any CPU.ActiveCfg = Release|Any CPU
		{8D038473-B8F2-560C-67F2-9812E5FD2C56}.Release|Any CPU.Build.0 = Release|Any CPU
	EndGlobalSection
	GlobalSection(SolutionProperties) = preSolution
		HideSolutionNode = FALSE
	EndGlobalSection
	GlobalSection(ExtensibilityGlobals) = postSolution
		SolutionGuid = {57B1846D-EB98-48A9-9893-51C8B0127918}
	EndGlobalSection
EndGlobal
